
Microsoft Visual Studio Solution File, Format Version 12.00
# Visual Studio 14
VisualStudioVersion = 14.0.24720.0
MinimumVisualStudioVersion = 10.0.40219.1
Project("{FAE04EC0-301F-11D3-BF4B-00C04F79EFBC}") = "Alergomurcia", "Alergomurcia\Alergomurcia.csproj", "{DEE33EBF-8815-42DF-AE1A-67BE3A23C9CF}"
EndProject
Project("{FAE04EC0-301F-11D3-BF4B-00C04F79EFBC}") = "Alergomurcia.Tests", "Alergomurcia.Tests\Alergomurcia.Tests.csproj", "{675260BD-3420-48F0-9AC5-720CC34769BF}"
EndProject
Global
	GlobalSection(SolutionConfigurationPlatforms) = preSolution
		Debug|Any CPU = Debug|Any CPU
		Release|Any CPU = Release|Any CPU
	EndGlobalSection
	GlobalSection(ProjectConfigurationPlatforms) = postSolution
		{DEE33EBF-8815-42DF-AE1A-67BE3A23C9CF}.Debug|Any CPU.ActiveCfg = Debug|Any CPU
		{DEE33EBF-8815-42DF-AE1A-67BE3A23C9CF}.Debug|Any CPU.Build.0 = Debug|Any CPU
		{DEE33EBF-8815-42DF-AE1A-67BE3A23C9CF}.Release|Any CPU.ActiveCfg = Release|Any CPU
		{DEE33EBF-8815-42DF-AE1A-67BE3A23C9CF}.Release|Any CPU.Build.0 = Release|Any CPU
		{675260BD-3420-48F0-9AC5-720CC34769BF}.Debug|Any CPU.ActiveCfg = Debug|Any CPU
		{675260BD-3420-48F0-9AC5-720CC34769BF}.Debug|Any CPU.Build.0 = Debug|Any CPU
		{675260BD-3420-48F0-9AC5-720CC34769BF}.Release|Any CPU.ActiveCfg = Release|Any CPU
		{675260BD-3420-48F0-9AC5-720CC34769BF}.Release|Any CPU.Build.0 = Release|Any CPU
	EndGlobalSection
	GlobalSection(SolutionProperties) = preSolution
		HideSolutionNode = FALSE
	EndGlobalSection
EndGlobal
